
Microsoft Visual Studio Solution File, Format Version 12.00
# Visual Studio Version 16
VisualStudioVersion = 16.0.32106.194
MinimumVisualStudioVersion = 10.0.40219.1
Project("{FAE04EC0-301F-11D3-BF4B-00C04F79EFBC}") = "sistemaimagem001", "sistemaimagem001\sistemaimagem001.csproj", "{FC7B8390-BC49-4C99-972B-1CB9A9ACF7FD}"
EndProject
Global
	GlobalSection(SolutionConfigurationPlatforms) = preSolution
		Debug|Any CPU = Debug|Any CPU
		Release|Any CPU = Release|Any CPU
	EndGlobalSection
	GlobalSection(ProjectConfigurationPlatforms) = postSolution
		{FC7B8390-BC49-4C99-972B-1CB9A9ACF7FD}.Debug|Any CPU.ActiveCfg = Debug|Any CPU
		{FC7B8390-BC49-4C99-972B-1CB9A9ACF7FD}.Debug|Any CPU.Build.0 = Debug|Any CPU
		{FC7B8390-BC49-4C99-972B-1CB9A9ACF7FD}.Release|Any CPU.ActiveCfg = Release|Any CPU
		{FC7B8390-BC49-4C99-972B-1CB9A9ACF7FD}.Release|Any CPU.Build.0 = Release|Any CPU
	EndGlobalSection
	GlobalSection(SolutionProperties) = preSolution
		HideSolutionNode = FALSE
	EndGlobalSection
	GlobalSection(ExtensibilityGlobals) = postSolution
		SolutionGuid = {10D582B0-A4A6-46F3-BB58-EB0151329390}
	EndGlobalSection
EndGlobal
